// !$*UTF8*$!
{
	archiveVersion = 1;
	classes = {
	};
	objectVersion = 77;
	objects = {

/* Begin PBXBuildFile section */
		183494652E06A6E500F0D9FB /* Kingfisher in Frameworks */ = {isa = PBXBuildFile; productRef = 183494642E06A6E500F0D9FB /* Kingfisher */; };
/* End PBXBuildFile section */

/* Begin PBXContainerItemProxy section */
		188718032E03E4B90053C861 /* PBXContainerItemProxy */ = {
			isa = PBXContainerItemProxy;
			containerPortal = 188717E12E03E4B70053C861 /* Project object */;
			proxyType = 1;
			remoteGlobalIDString = 188717E82E03E4B70053C861;
			remoteInfo = MovieExplorer;
		};
		1887180D2E03E4B90053C861 /* PBXContainerItemProxy */ = {
			isa = PBXContainerItemProxy;
			containerPortal = 188717E12E03E4B70053C861 /* Project object */;
			proxyType = 1;
			remoteGlobalIDString = 188717E82E03E4B70053C861;
			remoteInfo = MovieExplorer;
		};
/* End PBXContainerItemProxy section */

/* Begin PBXFileReference section */
		188717E92E03E4B70053C861 /* MovieExplorer.app */ = {isa = PBXFileReference; explicitFileType = wrapper.application; includeInIndex = 0; path = MovieExplorer.app; sourceTree = BUILT_PRODUCTS_DIR; };
		188718022E03E4B90053C861 /* MovieExplorerTests.xctest */ = {isa = PBXFileReference; explicitFileType = wrapper.cfbundle; includeInIndex = 0; path = MovieExplorerTests.xctest; sourceTree = BUILT_PRODUCTS_DIR; };
		1887180C2E03E4B90053C861 /* MovieExplorerUITests.xctest */ = {isa = PBXFileReference; explicitFileType = wrapper.cfbundle; includeInIndex = 0; path = MovieExplorerUITests.xctest; sourceTree = BUILT_PRODUCTS_DIR; };
/* End PBXFileReference section */

/* Begin PBXFileSystemSynchronizedBuildFileExceptionSet section */
		188718142E03E4B90053C861 /* Exceptions for "MovieExplorer" folder in "MovieExplorer" target */ = {
			isa = PBXFileSystemSynchronizedBuildFileExceptionSet;
			membershipExceptions = (
				Info.plist,
			);
			target = 188717E82E03E4B70053C861 /* MovieExplorer */;
		};
/* End PBXFileSystemSynchronizedBuildFileExceptionSet section */

/* Begin PBXFileSystemSynchronizedRootGroup section */
		188717EB2E03E4B70053C861 /* MovieExplorer */ = {
			isa = PBXFileSystemSynchronizedRootGroup;
			exceptions = (
				188718142E03E4B90053C861 /* Exceptions for "MovieExplorer" folder in "MovieExplorer" target */,
			);
			path = MovieExplorer;
			sourceTree = "<group>";
		};
		188718052E03E4B90053C861 /* MovieExplorerTests */ = {
			isa = PBXFileSystemSynchronizedRootGroup;
			path = MovieExplorerTests;
			sourceTree = "<group>";
		};
		1887180F2E03E4B90053C861 /* MovieExplorerUITests */ = {
			isa = PBXFileSystemSynchronizedRootGroup;
			path = MovieExplorerUITests;
			sourceTree = "<group>";
		};
/* End PBXFileSystemSynchronizedRootGroup section */

/* Begin PBXFrameworksBuildPhase section */
		188717E62E03E4B70053C861 /* Frameworks */ = {
			isa = PBXFrameworksBuildPhase;
			buildActionMask = 2147483647;
			files = (
				183494652E06A6E500F0D9FB /* Kingfisher in Frameworks */,
			);
			runOnlyForDeploymentPostprocessing = 0;
		};
		188717FF2E03E4B90053C861 /* Frameworks */ = {
			isa = PBXFrameworksBuildPhase;
			buildActionMask = 2147483647;
			files = (
			);
			runOnlyForDeploymentPostprocessing = 0;
		};
		188718092E03E4B90053C861 /* Frameworks */ = {
			isa = PBXFrameworksBuildPhase;
			buildActionMask = 2147483647;
			files = (
			);
			runOnlyForDeploymentPostprocessing = 0;
		};
/* End PBXFrameworksBuildPhase section */

/* Begin PBXGroup section */
		183494632E06A6E500F0D9FB /* Frameworks */ = {
			isa = PBXGroup;
			children = (
			);
			name = Frameworks;
			sourceTree = "<group>";
		};
		188717E02E03E4B70053C861 = {
			isa = PBXGroup;
			children = (
				188717EB2E03E4B70053C861 /* MovieExplorer */,
				188718052E03E4B90053C861 /* MovieExplorerTests */,
				1887180F2E03E4B90053C861 /* MovieExplorerUITests */,
				183494632E06A6E500F0D9FB /* Frameworks */,
				188717EA2E03E4B70053C861 /* Products */,
			);
			sourceTree = "<group>";
		};
		188717EA2E03E4B70053C861 /* Products */ = {
			isa = PBXGroup;
			children = (
				188717E92E03E4B70053C861 /* MovieExplorer.app */,
				188718022E03E4B90053C861 /* MovieExplorerTests.xctest */,
				1887180C2E03E4B90053C861 /* MovieExplorerUITests.xctest */,
			);
			name = Products;
			sourceTree = "<group>";
		};
/* End PBXGroup section */

/* Begin PBXNativeTarget section */
		188717E82E03E4B70053C861 /* MovieExplorer */ = {
			isa = PBXNativeTarget;
			buildConfigurationList = 188718152E03E4B90053C861 /* Build configuration list for PBXNativeTarget "MovieExplorer" */;
			buildPhases = (
				188717E52E03E4B70053C861 /* Sources */,
				188717E62E03E4B70053C861 /* Frameworks */,
				188717E72E03E4B70053C861 /* Resources */,
			);
			buildRules = (
			);
			dependencies = (
			);
			fileSystemSynchronizedGroups = (
				188717EB2E03E4B70053C861 /* MovieExplorer */,
			);
			name = MovieExplorer;
			packageProductDependencies = (
				183494642E06A6E500F0D9FB /* Kingfisher */,
			);
			productName = MovieExplorer;
			productReference = 188717E92E03E4B70053C861 /* MovieExplorer.app */;
			productType = "com.apple.product-type.application";
		};
		188718012E03E4B90053C861 /* MovieExplorerTests */ = {
			isa = PBXNativeTarget;
			buildConfigurationList = 1887181A2E03E4B90053C861 /* Build configuration list for PBXNativeTarget "MovieExplorerTests" */;
			buildPhases = (
				188717FE2E03E4B90053C861 /* Sources */,
				188717FF2E03E4B90053C861 /* Frameworks */,
				188718002E03E4B90053C861 /* Resources */,
			);
			buildRules = (
			);
			dependencies = (
				188718042E03E4B90053C861 /* PBXTargetDependency */,
			);
			fileSystemSynchronizedGroups = (
				188718052E03E4B90053C861 /* MovieExplorerTests */,
			);
			name = MovieExplorerTests;
			packageProductDependencies = (
			);
			productName = MovieExplorerTests;
			productReference = 188718022E03E4B90053C861 /* MovieExplorerTests.xctest */;
			productType = "com.apple.product-type.bundle.unit-test";
		};
		1887180B2E03E4B90053C861 /* MovieExplorerUITests */ = {
			isa = PBXNativeTarget;
			buildConfigurationList = 1887181D2E03E4B90053C861 /* Build configuration list for PBXNativeTarget "MovieExplorerUITests" */;
			buildPhases = (
				188718082E03E4B90053C861 /* Sources */,
				188718092E03E4B90053C861 /* Frameworks */,
				1887180A2E03E4B90053C861 /* Resources */,
			);
			buildRules = (
			);
			dependencies = (
				1887180E2E03E4B90053C861 /* PBXTargetDependency */,
			);
			fileSystemSynchronizedGroups = (
				1887180F2E03E4B90053C861 /* MovieExplorerUITests */,
			);
			name = MovieExplorerUITests;
			packageProductDependencies = (
			);
			productName = MovieExplorerUITests;
			productReference = 1887180C2E03E4B90053C861 /* MovieExplorerUITests.xctest */;
			productType = "com.apple.product-type.bundle.ui-testing";
		};
/* End PBXNativeTarget section */

/* Begin PBXProject section */
		188717E12E03E4B70053C861 /* Project object */ = {
			isa = PBXProject;
			attributes = {
				BuildIndependentTargetsInParallel = 1;
				LastSwiftUpdateCheck = 1640;
				LastUpgradeCheck = 1640;
				TargetAttributes = {
					188717E82E03E4B70053C861 = {
						CreatedOnToolsVersion = 16.4;
					};
					188718012E03E4B90053C861 = {
						CreatedOnToolsVersion = 16.4;
						TestTargetID = 188717E82E03E4B70053C861;
					};
					1887180B2E03E4B90053C861 = {
						CreatedOnToolsVersion = 16.4;
						TestTargetID = 188717E82E03E4B70053C861;
					};
				};
			};
			buildConfigurationList = 188717E42E03E4B70053C861 /* Build configuration list for PBXProject "MovieExplorer" */;
			developmentRegion = en;
			hasScannedForEncodings = 0;
			knownRegions = (
				en,
				Base,
			);
			mainGroup = 188717E02E03E4B70053C861;
			minimizedProjectReferenceProxies = 1;
			packageReferences = (
				183494452E06A3D300F0D9FB /* XCRemoteSwiftPackageReference "Kingfisher" */,
			);
			preferredProjectObjectVersion = 77;
			productRefGroup = 188717EA2E03E4B70053C861 /* Products */;
			projectDirPath = "";
			projectRoot = "";
			targets = (
				188717E82E03E4B70053C861 /* MovieExplorer */,
				188718012E03E4B90053C861 /* MovieExplorerTests */,
				1887180B2E03E4B90053C861 /* MovieExplorerUITests */,
			);
		};
/* End PBXProject section */

/* Begin PBXResourcesBuildPhase section */
		188717E72E03E4B70053C861 /* Resources */ = {
			isa = PBXResourcesBuildPhase;
			buildActionMask = 2147483647;
			files = (
			);
			runOnlyForDeploymentPostprocessing = 0;
		};
		188718002E03E4B90053C861 /* Resources */ = {
			isa = PBXResourcesBuildPhase;
			buildActionMask = 2147483647;
			files = (
			);
			runOnlyForDeploymentPostprocessing = 0;
		};
		1887180A2E03E4B90053C861 /* Resources */ = {
			isa = PBXResourcesBuildPhase;
			buildActionMask = 2147483647;
			files = (
			);
			runOnlyForDeploymentPostprocessing = 0;
		};
/* End PBXResourcesBuildPhase section */

/* Begin PBXSourcesBuildPhase section */
		188717E52E03E4B70053C861 /* Sources */ = {
			isa = PBXSourcesBuildPhase;
			buildActionMask = 2147483647;
			files = (
			);
			runOnlyForDeploymentPostprocessing = 0;
		};
		188717FE2E03E4B90053C861 /* Sources */ = {
			isa = PBXSourcesBuildPhase;
			buildActionMask = 2147483647;
			files = (
			);
			runOnlyForDeploymentPostprocessing = 0;
		};
		188718082E03E4B90053C861 /* Sources */ = {
			isa = PBXSourcesBuildPhase;
			buildActionMask = 2147483647;
			files = (
			);
			runOnlyForDeploymentPostprocessing = 0;
		};
/* End PBXSourcesBuildPhase section */

/* Begin PBXTargetDependency section */
		188718042E03E4B90053C861 /* PBXTargetDependency */ = {
			isa = PBXTargetDependency;
			target = 188717E82E03E4B70053C861 /* MovieExplorer */;
			targetProxy = 188718032E03E4B90053C861 /* PBXContainerItemProxy */;
		};
		1887180E2E03E4B90053C861 /* PBXTargetDependency */ = {
			isa = PBXTargetDependency;
			target = 188717E82E03E4B70053C861 /* MovieExplorer */;
			targetProxy = 1887180D2E03E4B90053C861 /* PBXContainerItemProxy */;
		};
/* End PBXTargetDependency section */

/* Begin XCBuildConfiguration section */
		188718162E03E4B90053C861 /* Debug */ = {
			isa = XCBuildConfiguration;
			buildSettings = {
				ASSETCATALOG_COMPILER_APPICON_NAME = AppIcon;
				ASSETCATALOG_COMPILER_GLOBAL_ACCENT_COLOR_NAME = AccentColor;
				CODE_SIGN_STYLE = Automatic;
				CURRENT_PROJECT_VERSION = 1;
				DEVELOPMENT_TEAM = F928Y4DS2K;
				GENERATE_INFOPLIST_FILE = YES;
				INFOPLIST_FILE = MovieExplorer/Info.plist;
				INFOPLIST_KEY_UIApplicationSupportsIndirectInputEvents = YES;
				INFOPLIST_KEY_UILaunchStoryboardName = LaunchScreen;
				INFOPLIST_KEY_UIMainStoryboardFile = Main;
				INFOPLIST_KEY_UISupportedInterfaceOrientations = UIInterfaceOrientationPortrait;
				LD_RUNPATH_SEARCH_PATHS = (
					"$(inherited)",
					"@executable_path/Frameworks",
				);
				MARKETING_VERSION = 1.0.0;
				PRODUCT_BUNDLE_IDENTIFIER = amogh.attempt1.MovieExplorer;
				PRODUCT_NAME = "$(TARGET_NAME)";
				SWIFT_EMIT_LOC_STRINGS = YES;
				SWIFT_VERSION = 5.0;
				TARGETED_DEVICE_FAMILY = "1,2";
			};
			name = Debug;
		};
		188718172E03E4B90053C861 /* Release */ = {
			isa = XCBuildConfiguration;
			buildSettings = {
				ASSETCATALOG_COMPILER_APPICON_NAME = AppIcon;
				ASSETCATALOG_COMPILER_GLOBAL_ACCENT_COLOR_NAME = AccentColor;
				CODE_SIGN_STYLE = Automatic;
				CURRENT_PROJECT_VERSION = 1;
				DEVELOPMENT_TEAM = F928Y4DS2K;
				GENERATE_INFOPLIST_FILE = YES;
				INFOPLIST_FILE = MovieExplorer/Info.plist;
				INFOPLIST_KEY_UIApplicationSupportsIndirectInputEvents = YES;
				INFOPLIST_KEY_UILaunchStoryboardName = LaunchScreen;
				INFOPLIST_KEY_UIMainStoryboardFile = Main;
				INFOPLIST_KEY_UISupportedInterfaceOrientations = UIInterfaceOrientationPortrait;
				LD_RUNPATH_SEARCH_PATHS = (
					"$(inherited)",
					"@executable_path/Frameworks",
				);
				MARKETING_VERSION = 1.0.0;
				PRODUCT_BUNDLE_IDENTIFIER = amogh.attempt1.MovieExplorer;
				PRODUCT_NAME = "$(TARGET_NAME)";
				SWIFT_EMIT_LOC_STRINGS = YES;
				SWIFT_VERSION = 5.0;
				TARGETED_DEVICE_FAMILY = "1,2";
			};
			name = Release;
		};
		188718182E03E4B90053C861 /* Debug */ = {
			isa = XCBuildConfiguration;
			buildSettings = {
				ALWAYS_SEARCH_USER_PATHS = NO;
				ASSETCATALOG_COMPILER_GENERATE_SWIFT_ASSET_SYMBOL_EXTENSIONS = YES;
				CLANG_ANALYZER_NONNULL = YES;
				CLANG_ANALYZER_NUMBER_OBJECT_CONVERSION = YES_AGGRESSIVE;
				CLANG_CXX_LANGUAGE_STANDARD = "gnu++20";
				CLANG_ENABLE_MODULES = YES;
				CLANG_ENABLE_OBJC_ARC = YES;
				CLANG_ENABLE_OBJC_WEAK = YES;
				CLANG_WARN_BLOCK_CAPTURE_AUTORELEASING = YES;
				CLANG_WARN_BOOL_CONVERSION = YES;
				CLANG_WARN_COMMA = YES;
				CLANG_WARN_CONSTANT_CONVERSION = YES;
				CLANG_WARN_DEPRECATED_OBJC_IMPLEMENTATIONS = YES;
				CLANG_WARN_DIRECT_OBJC_ISA_USAGE = YES_ERROR;
				CLANG_WARN_DOCUMENTATION_COMMENTS = YES;
				CLANG_WARN_EMPTY_BODY = YES;
				CLANG_WARN_ENUM_CONVERSION = YES;
				CLANG_WARN_INFINITE_RECURSION = YES;
				CLANG_WARN_INT_CONVERSION = YES;
				CLANG_WARN_NON_LITERAL_NULL_CONVERSION = YES;
				CLANG_WARN_OBJC_IMPLICIT_RETAIN_SELF = YES;
				CLANG_WARN_OBJC_LITERAL_CONVERSION = YES;
				CLANG_WARN_OBJC_ROOT_CLASS = YES_ERROR;
				CLANG_WARN_QUOTED_INCLUDE_IN_FRAMEWORK_HEADER = YES;
				CLANG_WARN_RANGE_LOOP_ANALYSIS = YES;
				CLANG_WARN_STRICT_PROTOTYPES = YES;
				CLANG_WARN_SUSPICIOUS_MOVE = YES;
				CLANG_WARN_UNGUARDED_AVAILABILITY = YES_AGGRESSIVE;
				CLANG_WARN_UNREACHABLE_CODE = YES;
				CLANG_WARN__DUPLICATE_METHOD_MATCH = YES;
				COPY_PHASE_STRIP = NO;
				DEBUG_INFORMATION_FORMAT = dwarf;
				DEVELOPMENT_TEAM = F928Y4DS2K;
				ENABLE_STRICT_OBJC_MSGSEND = YES;
				ENABLE_TESTABILITY = YES;
				ENABLE_USER_SCRIPT_SANDBOXING = YES;
				GCC_C_LANGUAGE_STANDARD = gnu17;
				GCC_DYNAMIC_NO_PIC = NO;
				GCC_NO_COMMON_BLOCKS = YES;
				GCC_OPTIMIZATION_LEVEL = 0;
				GCC_PREPROCESSOR_DEFINITIONS = (
					"DEBUG=1",
					"$(inherited)",
				);
				GCC_WARN_64_TO_32_BIT_CONVERSION = YES;
				GCC_WARN_ABOUT_RETURN_TYPE = YES_ERROR;
				GCC_WARN_UNDECLARED_SELECTOR = YES;
				GCC_WARN_UNINITIALIZED_AUTOS = YES_AGGRESSIVE;
				GCC_WARN_UNUSED_FUNCTION = YES;
				GCC_WARN_UNUSED_VARIABLE = YES;
				IPHONEOS_DEPLOYMENT_TARGET = 18.5;
				LOCALIZATION_PREFERS_STRING_CATALOGS = YES;
				MTL_ENABLE_DEBUG_INFO = INCLUDE_SOURCE;
				MTL_FAST_MATH = YES;
				ONLY_ACTIVE_ARCH = YES;
				SDKROOT = iphoneos;
				SWIFT_ACTIVE_COMPILATION_CONDITIONS = "DEBUG $(inherited)";
				SWIFT_OPTIMIZATION_LEVEL = "-Onone";
			};
			name = Debug;
		};
		188718192E03E4B90053C861 /* Release */ = {
			isa = XCBuildConfiguration;
			buildSettings = {
				ALWAYS_SEARCH_USER_PATHS = NO;
				ASSETCATALOG_COMPILER_GENERATE_SWIFT_ASSET_SYMBOL_EXTENSIONS = YES;
				CLANG_ANALYZER_NONNULL = YES;
				CLANG_ANALYZER_NUMBER_OBJECT_CONVERSION = YES_AGGRESSIVE;
				CLANG_CXX_LANGUAGE_STANDARD = "gnu++20";
				CLANG_ENABLE_MODULES = YES;
				CLANG_ENABLE_OBJC_ARC = YES;
				CLANG_ENABLE_OBJC_WEAK = YES;
				CLANG_WARN_BLOCK_CAPTURE_AUTORELEASING = YES;
				CLANG_WARN_BOOL_CONVERSION = YES;
				CLANG_WARN_COMMA = YES;
				CLANG_WARN_CONSTANT_CONVERSION = YES;
				CLANG_WARN_DEPRECATED_OBJC_IMPLEMENTATIONS = YES;
				CLANG_WARN_DIRECT_OBJC_ISA_USAGE = YES_ERROR;
				CLANG_WARN_DOCUMENTATION_COMMENTS = YES;
				CLANG_WARN_EMPTY_BODY = YES;
				CLANG_WARN_ENUM_CONVERSION = YES;
				CLANG_WARN_INFINITE_RECURSION = YES;
				CLANG_WARN_INT_CONVERSION = YES;
				CLANG_WARN_NON_LITERAL_NULL_CONVERSION = YES;
				CLANG_WARN_OBJC_IMPLICIT_RETAIN_SELF = YES;
				CLANG_WARN_OBJC_LITERAL_CONVERSION = YES;
				CLANG_WARN_OBJC_ROOT_CLASS = YES_ERROR;
				CLANG_WARN_QUOTED_INCLUDE_IN_FRAMEWORK_HEADER = YES;
				CLANG_WARN_RANGE_LOOP_ANALYSIS = YES;
				CLANG_WARN_STRICT_PROTOTYPES = YES;
				CLANG_WARN_SUSPICIOUS_MOVE = YES;
				CLANG_WARN_UNGUARDED_AVAILABILITY = YES_AGGRESSIVE;
				CLANG_WARN_UNREACHABLE_CODE = YES;
				CLANG_WARN__DUPLICATE_METHOD_MATCH = YES;
				COPY_PHASE_STRIP = NO;
				DEBUG_INFORMATION_FORMAT = "dwarf-with-dsym";
				DEVELOPMENT_TEAM = F928Y4DS2K;
				ENABLE_NS_ASSERTIONS = NO;
				ENABLE_STRICT_OBJC_MSGSEND = YES;
				ENABLE_USER_SCRIPT_SANDBOXING = YES;
				GCC_C_LANGUAGE_STANDARD = gnu17;
				GCC_NO_COMMON_BLOCKS = YES;
				GCC_WARN_64_TO_32_BIT_CONVERSION = YES;
				GCC_WARN_ABOUT_RETURN_TYPE = YES_ERROR;
				GCC_WARN_UNDECLARED_SELECTOR = YES;
				GCC_WARN_UNINITIALIZED_AUTOS = YES_AGGRESSIVE;
				GCC_WARN_UNUSED_FUNCTION = YES;
				GCC_WARN_UNUSED_VARIABLE = YES;
				IPHONEOS_DEPLOYMENT_TARGET = 18.5;
				LOCALIZATION_PREFERS_STRING_CATALOGS = YES;
				MTL_ENABLE_DEBUG_INFO = NO;
				MTL_FAST_MATH = YES;
				SDKROOT = iphoneos;
				SWIFT_COMPILATION_MODE = wholemodule;
				VALIDATE_PRODUCT = YES;
			};
			name = Release;
		};
		1887181B2E03E4B90053C861 /* Debug */ = {
			isa = XCBuildConfiguration;
			buildSettings = {
				BUNDLE_LOADER = "$(TEST_HOST)";
				CODE_SIGN_STYLE = Automatic;
				CURRENT_PROJECT_VERSION = 1;
				DEVELOPMENT_TEAM = F928Y4DS2K;
				GENERATE_INFOPLIST_FILE = YES;
				IPHONEOS_DEPLOYMENT_TARGET = 18.5;
				MARKETING_VERSION = 1.0;
				PRODUCT_BUNDLE_IDENTIFIER = amogh.attempt1.MovieExplorerTests;
				PRODUCT_NAME = "$(TARGET_NAME)";
				SWIFT_EMIT_LOC_STRINGS = NO;
				SWIFT_VERSION = 5.0;
				TARGETED_DEVICE_FAMILY = "1,2";
				TEST_HOST = "$(BUILT_PRODUCTS_DIR)/MovieExplorer.app/$(BUNDLE_EXECUTABLE_FOLDER_PATH)/MovieExplorer";
			};
			name = Debug;
		};
		1887181C2E03E4B90053C861 /* Release */ = {
			isa = XCBuildConfiguration;
			buildSettings = {
				BUNDLE_LOADER = "$(TEST_HOST)";
				CODE_SIGN_STYLE = Automatic;
				CURRENT_PROJECT_VERSION = 1;
				DEVELOPMENT_TEAM = F928Y4DS2K;
				GENERATE_INFOPLIST_FILE = YES;
				IPHONEOS_DEPLOYMENT_TARGET = 18.5;
				MARKETING_VERSION = 1.0;
				PRODUCT_BUNDLE_IDENTIFIER = amogh.attempt1.MovieExplorerTests;
				PRODUCT_NAME = "$(TARGET_NAME)";
				SWIFT_EMIT_LOC_STRINGS = NO;
				SWIFT_VERSION = 5.0;
				TARGETED_DEVICE_FAMILY = "1,2";
				TEST_HOST = "$(BUILT_PRODUCTS_DIR)/MovieExplorer.app/$(BUNDLE_EXECUTABLE_FOLDER_PATH)/MovieExplorer";
			};
			name = Release;
		};
		1887181E2E03E4B90053C861 /* Debug */ = {
			isa = XCBuildConfiguration;
			buildSettings = {
				CODE_SIGN_STYLE = Automatic;
				CURRENT_PROJECT_VERSION = 1;
				DEVELOPMENT_TEAM = F928Y4DS2K;
				GENERATE_INFOPLIST_FILE = YES;
				MARKETING_VERSION = 1.0;
				PRODUCT_BUNDLE_IDENTIFIER = amogh.attempt1.MovieExplorerUITests;
				PRODUCT_NAME = "$(TARGET_NAME)";
				SWIFT_EMIT_LOC_STRINGS = NO;
				SWIFT_VERSION = 5.0;
				TARGETED_DEVICE_FAMILY = "1,2";
				TEST_TARGET_NAME = MovieExplorer;
			};
			name = Debug;
		};
		1887181F2E03E4B90053C861 /* Release */ = {
			isa = XCBuildConfiguration;
			buildSettings = {
				CODE_SIGN_STYLE = Automatic;
				CURRENT_PROJECT_VERSION = 1;
				DEVELOPMENT_TEAM = F928Y4DS2K;
				GENERATE_INFOPLIST_FILE = YES;
				MARKETING_VERSION = 1.0;
				PRODUCT_BUNDLE_IDENTIFIER = amogh.attempt1.MovieExplorerUITests;
				PRODUCT_NAME = "$(TARGET_NAME)";
				SWIFT_EMIT_LOC_STRINGS = NO;
				SWIFT_VERSION = 5.0;
				TARGETED_DEVICE_FAMILY = "1,2";
				TEST_TARGET_NAME = MovieExplorer;
			};
			name = Release;
		};
/* End XCBuildConfiguration section */

/* Begin XCConfigurationList section */
		188717E42E03E4B70053C861 /* Build configuration list for PBXProject "MovieExplorer" */ = {
			isa = XCConfigurationList;
			buildConfigurations = (
				188718182E03E4B90053C861 /* Debug */,
				188718192E03E4B90053C861 /* Release */,
			);
			defaultConfigurationIsVisible = 0;
			defaultConfigurationName = Release;
		};
		188718152E03E4B90053C861 /* Build configuration list for PBXNativeTarget "MovieExplorer" */ = {
			isa = XCConfigurationList;
			buildConfigurations = (
				188718162E03E4B90053C861 /* Debug */,
				188718172E03E4B90053C861 /* Release */,
			);
			defaultConfigurationIsVisible = 0;
			defaultConfigurationName = Release;
		};
		1887181A2E03E4B90053C861 /* Build configuration list for PBXNativeTarget "MovieExplorerTests" */ = {
			isa = XCConfigurationList;
			buildConfigurations = (
				1887181B2E03E4B90053C861 /* Debug */,
				1887181C2E03E4B90053C861 /* Release */,
			);
			defaultConfigurationIsVisible = 0;
			defaultConfigurationName = Release;
		};
		1887181D2E03E4B90053C861 /* Build configuration list for PBXNativeTarget "MovieExplorerUITests" */ = {
			isa = XCConfigurationList;
			buildConfigurations = (
				1887181E2E03E4B90053C861 /* Debug */,
				1887181F2E03E4B90053C861 /* Release */,
			);
			defaultConfigurationIsVisible = 0;
			defaultConfigurationName = Release;
		};
/* End XCConfigurationList section */

/* Begin XCRemoteSwiftPackageReference section */
		183494452E06A3D300F0D9FB /* XCRemoteSwiftPackageReference "Kingfisher" */ = {
			isa = XCRemoteSwiftPackageReference;
			repositoryURL = "https://github.com/onevcat/Kingfisher";
			requirement = {
				kind = upToNextMajorVersion;
				minimumVersion = 8.3.2;
			};
		};
/* End XCRemoteSwiftPackageReference section */

/* Begin XCSwiftPackageProductDependency section */
		183494642E06A6E500F0D9FB /* Kingfisher */ = {
			isa = XCSwiftPackageProductDependency;
			package = 183494452E06A3D300F0D9FB /* XCRemoteSwiftPackageReference "Kingfisher" */;
			productName = Kingfisher;
		};
/* End XCSwiftPackageProductDependency section */
	};
	rootObject = 188717E12E03E4B70053C861 /* Project object */;
}
